
Microsoft Visual Studio Solution File, Format Version 12.00
# Visual Studio Version 16
VisualStudioVersion = 16.0.31105.61
MinimumVisualStudioVersion = 10.0.40219.1
Project("{FAE04EC0-301F-11D3-BF4B-00C04F79EFBC}") = "Movie.API", "Movie.API\Movie.API.csproj", "{DE7D042D-0162-4E61-BF37-5456D225439D}"
EndProject
Global
	GlobalSection(SolutionConfigurationPlatforms) = preSolution
		Debug|Any CPU = Debug|Any CPU
		Release|Any CPU = Release|Any CPU
	EndGlobalSection
	GlobalSection(ProjectConfigurationPlatforms) = postSolution
		{DE7D042D-0162-4E61-BF37-5456D225439D}.Debug|Any CPU.ActiveCfg = Debug|Any CPU
		{DE7D042D-0162-4E61-BF37-5456D225439D}.Debug|Any CPU.Build.0 = Debug|Any CPU
		{DE7D042D-0162-4E61-BF37-5456D225439D}.Release|Any CPU.ActiveCfg = Release|Any CPU
		{DE7D042D-0162-4E61-BF37-5456D225439D}.Release|Any CPU.Build.0 = Release|Any CPU
	EndGlobalSection
	GlobalSection(SolutionProperties) = preSolution
		HideSolutionNode = FALSE
	EndGlobalSection
	GlobalSection(ExtensibilityGlobals) = postSolution
		SolutionGuid = {F368728D-8F3B-46A6-A2C9-2F7D995E2917}
	EndGlobalSection
EndGlobal
